
Microsoft Visual Studio Solution File, Format Version 12.00
# Visual Studio Version 17
VisualStudioVersion = 17.14.36327.8 d17.14
MinimumVisualStudioVersion = 10.0.40219.1
Project("{FAE04EC0-301F-11D3-BF4B-00C04F79EFBC}") = "EmployeeManager.Api", "EmployeeManager.Api\EmployeeManager.Api.csproj", "{E9831D1A-F97D-41A8-9135-5BC78BEA2799}"
EndProject
Project("{FAE04EC0-301F-11D3-BF4B-00C04F79EFBC}") = "EmployeeManager.Desktop", "EmployeeManager.Desktop\EmployeeManager.Desktop.csproj", "{183B92F0-9D2A-4893-9AEA-8DF372207A13}"
EndProject
Project("{FAE04EC0-301F-11D3-BF4B-00C04F79EFBC}") = "EmployeeManager.Shared", "EmployeeManager.Shared\EmployeeManager.Shared.csproj", "{C8DA36B1-67D5-4896-BFBF-DD80F60E843F}"
EndProject
Global
	GlobalSection(SolutionConfigurationPlatforms) = preSolution
		Debug|Any CPU = Debug|Any CPU
		Release|Any CPU = Release|Any CPU
	EndGlobalSection
	GlobalSection(ProjectConfigurationPlatforms) = postSolution
		{E9831D1A-F97D-41A8-9135-5BC78BEA2799}.Debug|Any CPU.ActiveCfg = Debug|Any CPU
		{E9831D1A-F97D-41A8-9135-5BC78BEA2799}.Debug|Any CPU.Build.0 = Debug|Any CPU
		{E9831D1A-F97D-41A8-9135-5BC78BEA2799}.Release|Any CPU.ActiveCfg = Release|Any CPU
		{E9831D1A-F97D-41A8-9135-5BC78BEA2799}.Release|Any CPU.Build.0 = Release|Any CPU
		{183B92F0-9D2A-4893-9AEA-8DF372207A13}.Debug|Any CPU.ActiveCfg = Debug|Any CPU
		{183B92F0-9D2A-4893-9AEA-8DF372207A13}.Debug|Any CPU.Build.0 = Debug|Any CPU
		{183B92F0-9D2A-4893-9AEA-8DF372207A13}.Release|Any CPU.ActiveCfg = Release|Any CPU
		{183B92F0-9D2A-4893-9AEA-8DF372207A13}.Release|Any CPU.Build.0 = Release|Any CPU
		{C8DA36B1-67D5-4896-BFBF-DD80F60E843F}.Debug|Any CPU.ActiveCfg = Debug|Any CPU
		{C8DA36B1-67D5-4896-BFBF-DD80F60E843F}.Debug|Any CPU.Build.0 = Debug|Any CPU
		{C8DA36B1-67D5-4896-BFBF-DD80F60E843F}.Release|Any CPU.ActiveCfg = Release|Any CPU
		{C8DA36B1-67D5-4896-BFBF-DD80F60E843F}.Release|Any CPU.Build.0 = Release|Any CPU
	EndGlobalSection
	GlobalSection(SolutionProperties) = preSolution
		HideSolutionNode = FALSE
	EndGlobalSection
	GlobalSection(ExtensibilityGlobals) = postSolution
		SolutionGuid = {10762927-982A-4947-B2C1-8F034E960509}
	EndGlobalSection
EndGlobal
